
Microsoft Visual Studio Solution File, Format Version 12.00
# Visual Studio Version 17
VisualStudioVersion = 17.0.31903.59
MinimumVisualStudioVersion = 10.0.40219.1
Project("{9A19103F-16F7-4668-BE54-9A1E7A4F7556}") = "Hglee.Device.Ftd3xx", "Hglee.Device.Ftd3xx\Hglee.Device.Ftd3xx.csproj", "{D7D6A074-D029-4F21-A6B4-25C28123618B}"
EndProject
Project("{FAE04EC0-301F-11D3-BF4B-00C04F79EFBC}") = "TestRead", "TestRead\TestRead.csproj", "{D7BAD44F-5E81-4396-A744-141B49B974E7}"
EndProject
Project("{FAE04EC0-301F-11D3-BF4B-00C04F79EFBC}") = "TestWrite", "TestWrite\TestWrite.csproj", "{CCE73C31-B7A0-4F7E-8BB6-A48A6CDAA821}"
EndProject
Global
	GlobalSection(SolutionConfigurationPlatforms) = preSolution
		Debug|Any CPU = Debug|Any CPU
		Release|Any CPU = Release|Any CPU
	EndGlobalSection
	GlobalSection(ProjectConfigurationPlatforms) = postSolution
		{D7D6A074-D029-4F21-A6B4-25C28123618B}.Debug|Any CPU.ActiveCfg = Debug|Any CPU
		{D7D6A074-D029-4F21-A6B4-25C28123618B}.Debug|Any CPU.Build.0 = Debug|Any CPU
		{D7D6A074-D029-4F21-A6B4-25C28123618B}.Release|Any CPU.ActiveCfg = Release|Any CPU
		{D7D6A074-D029-4F21-A6B4-25C28123618B}.Release|Any CPU.Build.0 = Release|Any CPU
		{D7BAD44F-5E81-4396-A744-141B49B974E7}.Debug|Any CPU.ActiveCfg = Debug|Any CPU
		{D7BAD44F-5E81-4396-A744-141B49B974E7}.Debug|Any CPU.Build.0 = Debug|Any CPU
		{D7BAD44F-5E81-4396-A744-141B49B974E7}.Release|Any CPU.ActiveCfg = Release|Any CPU
		{D7BAD44F-5E81-4396-A744-141B49B974E7}.Release|Any CPU.Build.0 = Release|Any CPU
		{CCE73C31-B7A0-4F7E-8BB6-A48A6CDAA821}.Debug|Any CPU.ActiveCfg = Debug|Any CPU
		{CCE73C31-B7A0-4F7E-8BB6-A48A6CDAA821}.Debug|Any CPU.Build.0 = Debug|Any CPU
		{CCE73C31-B7A0-4F7E-8BB6-A48A6CDAA821}.Release|Any CPU.ActiveCfg = Release|Any CPU
		{CCE73C31-B7A0-4F7E-8BB6-A48A6CDAA821}.Release|Any CPU.Build.0 = Release|Any CPU
	EndGlobalSection
	GlobalSection(SolutionProperties) = preSolution
		HideSolutionNode = FALSE
	EndGlobalSection
	GlobalSection(ExtensibilityGlobals) = postSolution
		SolutionGuid = {F40CA795-F351-4FFA-8EB0-6B3BC6DEF756}
	EndGlobalSection
EndGlobal
